
Microsoft Visual Studio Solution File, Format Version 12.00
# Visual Studio Version 16
VisualStudioVersion = 16.0.30611.23
MinimumVisualStudioVersion = 10.0.40219.1
Project("{9A19103F-16F7-4668-BE54-9A1E7A4F7556}") = "Aucxis.Eprw.Website", "src\website\Aucxis.Eprw.Website\Aucxis.Eprw.Website.csproj", "{A213AAC0-BB3F-4A80-A91D-CDC832D0200E}"
EndProject
Project("{2150E333-8FDC-42A3-9474-1A3956D46DE8}") = "DevExtreme NuGet.config", "DevExtreme NuGet.config", "{0A041972-619A-4703-A658-CC6CCB7A869F}"
	ProjectSection(SolutionItems) = preProject
		NuGet.config = NuGet.config
	EndProjectSection
EndProject
Global
	GlobalSection(SolutionConfigurationPlatforms) = preSolution
		Debug|Any CPU = Debug|Any CPU
		Release|Any CPU = Release|Any CPU
	EndGlobalSection
	GlobalSection(ProjectConfigurationPlatforms) = postSolution
		{A213AAC0-BB3F-4A80-A91D-CDC832D0200E}.Debug|Any CPU.ActiveCfg = Debug|Any CPU
		{A213AAC0-BB3F-4A80-A91D-CDC832D0200E}.Debug|Any CPU.Build.0 = Debug|Any CPU
		{A213AAC0-BB3F-4A80-A91D-CDC832D0200E}.Release|Any CPU.ActiveCfg = Release|Any CPU
		{A213AAC0-BB3F-4A80-A91D-CDC832D0200E}.Release|Any CPU.Build.0 = Release|Any CPU
	EndGlobalSection
	GlobalSection(SolutionProperties) = preSolution
		HideSolutionNode = FALSE
	EndGlobalSection
	GlobalSection(ExtensibilityGlobals) = postSolution
		SolutionGuid = {C14C7F46-2965-4E23-81CF-873056A1442D}
	EndGlobalSection
EndGlobal
